
Microsoft Visual Studio Solution File, Format Version 12.00
# Visual Studio 2012
Project("{FAE04EC0-301F-11D3-BF4B-00C04F79EFBC}") = "Online Cinema Reservation System", "Online Cinema Reservation System\Online Cinema Reservation System.csproj", "{8AB90623-1294-49AF-99FB-8AD1B0C44B18}"
EndProject
Global
	GlobalSection(SolutionConfigurationPlatforms) = preSolution
		Debug|Any CPU = Debug|Any CPU
		Release|Any CPU = Release|Any CPU
	EndGlobalSection
	GlobalSection(ProjectConfigurationPlatforms) = postSolution
		{8AB90623-1294-49AF-99FB-8AD1B0C44B18}.Debug|Any CPU.ActiveCfg = Debug|Any CPU
		{8AB90623-1294-49AF-99FB-8AD1B0C44B18}.Debug|Any CPU.Build.0 = Debug|Any CPU
		{8AB90623-1294-49AF-99FB-8AD1B0C44B18}.Release|Any CPU.ActiveCfg = Release|Any CPU
		{8AB90623-1294-49AF-99FB-8AD1B0C44B18}.Release|Any CPU.Build.0 = Release|Any CPU
	EndGlobalSection
	GlobalSection(SolutionProperties) = preSolution
		HideSolutionNode = FALSE
	EndGlobalSection
EndGlobal
